// !$*UTF8*$!
{
	archiveVersion = 1;
	classes = {
	};
	objectVersion = 46;
	objects = {

/* Begin PBXBuildFile section */
		D5751D091CD7FE23006CAEE7 /* AppDelegate.swift in Sources */ = {isa = PBXBuildFile; fileRef = D5751D081CD7FE23006CAEE7 /* AppDelegate.swift */; };
		D5751D0B1CD7FE23006CAEE7 /* ViewController.swift in Sources */ = {isa = PBXBuildFile; fileRef = D5751D0A1CD7FE23006CAEE7 /* ViewController.swift */; };
		D5751D0E1CD7FE23006CAEE7 /* Main.storyboard in Resources */ = {isa = PBXBuildFile; fileRef = D5751D0C1CD7FE23006CAEE7 /* Main.storyboard */; };
		D5751D101CD7FE23006CAEE7 /* Assets.xcassets in Resources */ = {isa = PBXBuildFile; fileRef = D5751D0F1CD7FE23006CAEE7 /* Assets.xcassets */; };
		D5751D131CD7FE23006CAEE7 /* LaunchScreen.storyboard in Resources */ = {isa = PBXBuildFile; fileRef = D5751D111CD7FE23006CAEE7 /* LaunchScreen.storyboard */; };
		D5751D1E1CD7FE23006CAEE7 /* RegExTesterTests.swift in Sources */ = {isa = PBXBuildFile; fileRef = D5751D1D1CD7FE23006CAEE7 /* RegExTesterTests.swift */; };
		D5751D291CD7FE24006CAEE7 /* RegExTesterUITests.swift in Sources */ = {isa = PBXBuildFile; fileRef = D5751D281CD7FE24006CAEE7 /* RegExTesterUITests.swift */; };
		D5A472C41CE02CAF005887D3 /* RegexModel.swift in Sources */ = {isa = PBXBuildFile; fileRef = D5A472C31CE02CAF005887D3 /* RegexModel.swift */; };
		D5A472C61CE29E46005887D3 /* RegexModelTests.swift in Sources */ = {isa = PBXBuildFile; fileRef = D5A472C51CE29E46005887D3 /* RegexModelTests.swift */; };
		D5A472C71CE29F35005887D3 /* RegexModel.swift in Sources */ = {isa = PBXBuildFile; fileRef = D5A472C31CE02CAF005887D3 /* RegexModel.swift */; };
		D5D5829D1CED18FF00E39110 /* RangeArray.swift in Sources */ = {isa = PBXBuildFile; fileRef = D5D5829C1CED18FF00E39110 /* RangeArray.swift */; };
/* End PBXBuildFile section */

/* Begin PBXContainerItemProxy section */
		D5751D1A1CD7FE23006CAEE7 /* PBXContainerItemProxy */ = {
			isa = PBXContainerItemProxy;
			containerPortal = D5751CFD1CD7FE23006CAEE7 /* Project object */;
			proxyType = 1;
			remoteGlobalIDString = D5751D041CD7FE23006CAEE7;
			remoteInfo = RegExTester;
		};
		D5751D251CD7FE24006CAEE7 /* PBXContainerItemProxy */ = {
			isa = PBXContainerItemProxy;
			containerPortal = D5751CFD1CD7FE23006CAEE7 /* Project object */;
			proxyType = 1;
			remoteGlobalIDString = D5751D041CD7FE23006CAEE7;
			remoteInfo = RegExTester;
		};
/* End PBXContainerItemProxy section */

/* Begin PBXFileReference section */
		D5751D051CD7FE23006CAEE7 /* RegExTester.app */ = {isa = PBXFileReference; explicitFileType = wrapper.application; includeInIndex = 0; path = RegExTester.app; sourceTree = BUILT_PRODUCTS_DIR; };
		D5751D081CD7FE23006CAEE7 /* AppDelegate.swift */ = {isa = PBXFileReference; lastKnownFileType = sourcecode.swift; path = AppDelegate.swift; sourceTree = "<group>"; };
		D5751D0A1CD7FE23006CAEE7 /* ViewController.swift */ = {isa = PBXFileReference; lastKnownFileType = sourcecode.swift; path = ViewController.swift; sourceTree = "<group>"; };
		D5751D0D1CD7FE23006CAEE7 /* Base */ = {isa = PBXFileReference; lastKnownFileType = file.storyboard; name = Base; path = Base.lproj/Main.storyboard; sourceTree = "<group>"; };
		D5751D0F1CD7FE23006CAEE7 /* Assets.xcassets */ = {isa = PBXFileReference; lastKnownFileType = folder.assetcatalog; path = Assets.xcassets; sourceTree = "<group>"; };
		D5751D121CD7FE23006CAEE7 /* Base */ = {isa = PBXFileReference; lastKnownFileType = file.storyboard; name = Base; path = Base.lproj/LaunchScreen.storyboard; sourceTree = "<group>"; };
		D5751D141CD7FE23006CAEE7 /* Info.plist */ = {isa = PBXFileReference; lastKnownFileType = text.plist.xml; path = Info.plist; sourceTree = "<group>"; };
		D5751D191CD7FE23006CAEE7 /* RegExTesterTests.xctest */ = {isa = PBXFileReference; explicitFileType = wrapper.cfbundle; includeInIndex = 0; path = RegExTesterTests.xctest; sourceTree = BUILT_PRODUCTS_DIR; };
		D5751D1D1CD7FE23006CAEE7 /* RegExTesterTests.swift */ = {isa = PBXFileReference; lastKnownFileType = sourcecode.swift; path = RegExTesterTests.swift; sourceTree = "<group>"; };
		D5751D1F1CD7FE23006CAEE7 /* Info.plist */ = {isa = PBXFileReference; lastKnownFileType = text.plist.xml; path = Info.plist; sourceTree = "<group>"; };
		D5751D241CD7FE23006CAEE7 /* RegExTesterUITests.xctest */ = {isa = PBXFileReference; explicitFileType = wrapper.cfbundle; includeInIndex = 0; path = RegExTesterUITests.xctest; sourceTree = BUILT_PRODUCTS_DIR; };
		D5751D281CD7FE24006CAEE7 /* RegExTesterUITests.swift */ = {isa = PBXFileReference; lastKnownFileType = sourcecode.swift; path = RegExTesterUITests.swift; sourceTree = "<group>"; };
		D5751D2A1CD7FE24006CAEE7 /* Info.plist */ = {isa = PBXFileReference; lastKnownFileType = text.plist.xml; path = Info.plist; sourceTree = "<group>"; };
		D5A472C31CE02CAF005887D3 /* RegexModel.swift */ = {isa = PBXFileReference; fileEncoding = 4; lastKnownFileType = sourcecode.swift; path = RegexModel.swift; sourceTree = "<group>"; };
		D5A472C51CE29E46005887D3 /* RegexModelTests.swift */ = {isa = PBXFileReference; fileEncoding = 4; lastKnownFileType = sourcecode.swift; path = RegexModelTests.swift; sourceTree = "<group>"; };
		D5D5829C1CED18FF00E39110 /* RangeArray.swift */ = {isa = PBXFileReference; fileEncoding = 4; lastKnownFileType = sourcecode.swift; path = RangeArray.swift; sourceTree = "<group>"; };
/* End PBXFileReference section */

/* Begin PBXFrameworksBuildPhase section */
		D5751D021CD7FE23006CAEE7 /* Frameworks */ = {
			isa = PBXFrameworksBuildPhase;
			buildActionMask = 2147483647;
			files = (
			);
			runOnlyForDeploymentPostprocessing = 0;
		};
		D5751D161CD7FE23006CAEE7 /* Frameworks */ = {
			isa = PBXFrameworksBuildPhase;
			buildActionMask = 2147483647;
			files = (
			);
			runOnlyForDeploymentPostprocessing = 0;
		};
		D5751D211CD7FE23006CAEE7 /* Frameworks */ = {
			isa = PBXFrameworksBuildPhase;
			buildActionMask = 2147483647;
			files = (
			);
			runOnlyForDeploymentPostprocessing = 0;
		};
/* End PBXFrameworksBuildPhase section */

/* Begin PBXGroup section */
		D5751CFC1CD7FE23006CAEE7 = {
			isa = PBXGroup;
			children = (
				D5751D071CD7FE23006CAEE7 /* RegExTester */,
				D5751D1C1CD7FE23006CAEE7 /* RegExTesterTests */,
				D5751D271CD7FE24006CAEE7 /* RegExTesterUITests */,
				D5751D061CD7FE23006CAEE7 /* Products */,
			);
			sourceTree = "<group>";
		};
		D5751D061CD7FE23006CAEE7 /* Products */ = {
			isa = PBXGroup;
			children = (
				D5751D051CD7FE23006CAEE7 /* RegExTester.app */,
				D5751D191CD7FE23006CAEE7 /* RegExTesterTests.xctest */,
				D5751D241CD7FE23006CAEE7 /* RegExTesterUITests.xctest */,
			);
			name = Products;
			sourceTree = "<group>";
		};
		D5751D071CD7FE23006CAEE7 /* RegExTester */ = {
			isa = PBXGroup;
			children = (
				D5751D081CD7FE23006CAEE7 /* AppDelegate.swift */,
				D5751D0A1CD7FE23006CAEE7 /* ViewController.swift */,
				D5A472C31CE02CAF005887D3 /* RegexModel.swift */,
				D5D5829C1CED18FF00E39110 /* RangeArray.swift */,
				D5751D0C1CD7FE23006CAEE7 /* Main.storyboard */,
				D5751D0F1CD7FE23006CAEE7 /* Assets.xcassets */,
				D5751D111CD7FE23006CAEE7 /* LaunchScreen.storyboard */,
				D5751D141CD7FE23006CAEE7 /* Info.plist */,
			);
			path = RegExTester;
			sourceTree = "<group>";
		};
		D5751D1C1CD7FE23006CAEE7 /* RegExTesterTests */ = {
			isa = PBXGroup;
			children = (
				D5751D1D1CD7FE23006CAEE7 /* RegExTesterTests.swift */,
				D5A472C51CE29E46005887D3 /* RegexModelTests.swift */,
				D5751D1F1CD7FE23006CAEE7 /* Info.plist */,
			);
			path = RegExTesterTests;
			sourceTree = "<group>";
		};
		D5751D271CD7FE24006CAEE7 /* RegExTesterUITests */ = {
			isa = PBXGroup;
			children = (
				D5751D281CD7FE24006CAEE7 /* RegExTesterUITests.swift */,
				D5751D2A1CD7FE24006CAEE7 /* Info.plist */,
			);
			path = RegExTesterUITests;
			sourceTree = "<group>";
		};
/* End PBXGroup section */

/* Begin PBXNativeTarget section */
		D5751D041CD7FE23006CAEE7 /* RegExTester */ = {
			isa = PBXNativeTarget;
			buildConfigurationList = D5751D2D1CD7FE24006CAEE7 /* Build configuration list for PBXNativeTarget "RegExTester" */;
			buildPhases = (
				D5751D011CD7FE23006CAEE7 /* Sources */,
				D5751D021CD7FE23006CAEE7 /* Frameworks */,
				D5751D031CD7FE23006CAEE7 /* Resources */,
			);
			buildRules = (
			);
			dependencies = (
			);
			name = RegExTester;
			productName = RegExTester;
			productReference = D5751D051CD7FE23006CAEE7 /* RegExTester.app */;
			productType = "com.apple.product-type.application";
		};
		D5751D181CD7FE23006CAEE7 /* RegExTesterTests */ = {
			isa = PBXNativeTarget;
			buildConfigurationList = D5751D301CD7FE24006CAEE7 /* Build configuration list for PBXNativeTarget "RegExTesterTests" */;
			buildPhases = (
				D5751D151CD7FE23006CAEE7 /* Sources */,
				D5751D161CD7FE23006CAEE7 /* Frameworks */,
				D5751D171CD7FE23006CAEE7 /* Resources */,
			);
			buildRules = (
			);
			dependencies = (
				D5751D1B1CD7FE23006CAEE7 /* PBXTargetDependency */,
			);
			name = RegExTesterTests;
			productName = RegExTesterTests;
			productReference = D5751D191CD7FE23006CAEE7 /* RegExTesterTests.xctest */;
			productType = "com.apple.product-type.bundle.unit-test";
		};
		D5751D231CD7FE23006CAEE7 /* RegExTesterUITests */ = {
			isa = PBXNativeTarget;
			buildConfigurationList = D5751D331CD7FE24006CAEE7 /* Build configuration list for PBXNativeTarget "RegExTesterUITests" */;
			buildPhases = (
				D5751D201CD7FE23006CAEE7 /* Sources */,
				D5751D211CD7FE23006CAEE7 /* Frameworks */,
				D5751D221CD7FE23006CAEE7 /* Resources */,
			);
			buildRules = (
			);
			dependencies = (
				D5751D261CD7FE24006CAEE7 /* PBXTargetDependency */,
			);
			name = RegExTesterUITests;
			productName = RegExTesterUITests;
			productReference = D5751D241CD7FE23006CAEE7 /* RegExTesterUITests.xctest */;
			productType = "com.apple.product-type.bundle.ui-testing";
		};
/* End PBXNativeTarget section */

/* Begin PBXProject section */
		D5751CFD1CD7FE23006CAEE7 /* Project object */ = {
			isa = PBXProject;
			attributes = {
				LastSwiftUpdateCheck = 0730;
				LastUpgradeCheck = 0910;
				ORGANIZATIONNAME = leanne63;
				TargetAttributes = {
					D5751D041CD7FE23006CAEE7 = {
						CreatedOnToolsVersion = 7.3;
						DevelopmentTeam = T3V4Z3867Q;
						LastSwiftMigration = 0910;
					};
					D5751D181CD7FE23006CAEE7 = {
						CreatedOnToolsVersion = 7.3;
						LastSwiftMigration = 0910;
						TestTargetID = D5751D041CD7FE23006CAEE7;
					};
					D5751D231CD7FE23006CAEE7 = {
						CreatedOnToolsVersion = 7.3;
						LastSwiftMigration = 0910;
						TestTargetID = D5751D041CD7FE23006CAEE7;
					};
				};
			};
			buildConfigurationList = D5751D001CD7FE23006CAEE7 /* Build configuration list for PBXProject "RegExTester" */;
			compatibilityVersion = "Xcode 3.2";
			developmentRegion = English;
			hasScannedForEncodings = 0;
			knownRegions = (
				en,
				Base,
			);
			mainGroup = D5751CFC1CD7FE23006CAEE7;
			productRefGroup = D5751D061CD7FE23006CAEE7 /* Products */;
			projectDirPath = "";
			projectRoot = "";
			targets = (
				D5751D041CD7FE23006CAEE7 /* RegExTester */,
				D5751D181CD7FE23006CAEE7 /* RegExTesterTests */,
				D5751D231CD7FE23006CAEE7 /* RegExTesterUITests */,
			);
		};
/* End PBXProject section */

/* Begin PBXResourcesBuildPhase section */
		D5751D031CD7FE23006CAEE7 /* Resources */ = {
			isa = PBXResourcesBuildPhase;
			buildActionMask = 2147483647;
			files = (
				D5751D131CD7FE23006CAEE7 /* LaunchScreen.storyboard in Resources */,
				D5751D101CD7FE23006CAEE7 /* Assets.xcassets in Resources */,
				D5751D0E1CD7FE23006CAEE7 /* Main.storyboard in Resources */,
			);
			runOnlyForDeploymentPostprocessing = 0;
		};
		D5751D171CD7FE23006CAEE7 /* Resources */ = {
			isa = PBXResourcesBuildPhase;
			buildActionMask = 2147483647;
			files = (
			);
			runOnlyForDeploymentPostprocessing = 0;
		};
		D5751D221CD7FE23006CAEE7 /* Resources */ = {
			isa = PBXResourcesBuildPhase;
			buildActionMask = 2147483647;
			files = (
			);
			runOnlyForDeploymentPostprocessing = 0;
		};
/* End PBXResourcesBuildPhase section */

/* Begin PBXSourcesBuildPhase section */
		D5751D011CD7FE23006CAEE7 /* Sources */ = {
			isa = PBXSourcesBuildPhase;
			buildActionMask = 2147483647;
			files = (
				D5A472C41CE02CAF005887D3 /* RegexModel.swift in Sources */,
				D5751D0B1CD7FE23006CAEE7 /* ViewController.swift in Sources */,
				D5751D091CD7FE23006CAEE7 /* AppDelegate.swift in Sources */,
				D5D5829D1CED18FF00E39110 /* RangeArray.swift in Sources */,
			);
			runOnlyForDeploymentPostprocessing = 0;
		};
		D5751D151CD7FE23006CAEE7 /* Sources */ = {
			isa = PBXSourcesBuildPhase;
			buildActionMask = 2147483647;
			files = (
				D5751D1E1CD7FE23006CAEE7 /* RegExTesterTests.swift in Sources */,
				D5A472C71CE29F35005887D3 /* RegexModel.swift in Sources */,
				D5A472C61CE29E46005887D3 /* RegexModelTests.swift in Sources */,
			);
			runOnlyForDeploymentPostprocessing = 0;
		};
		D5751D201CD7FE23006CAEE7 /* Sources */ = {
			isa = PBXSourcesBuildPhase;
			buildActionMask = 2147483647;
			files = (
				D5751D291CD7FE24006CAEE7 /* RegExTesterUITests.swift in Sources */,
			);
			runOnlyForDeploymentPostprocessing = 0;
		};
/* End PBXSourcesBuildPhase section */

/* Begin PBXTargetDependency section */
		D5751D1B1CD7FE23006CAEE7 /* PBXTargetDependency */ = {
			isa = PBXTargetDependency;
			target = D5751D041CD7FE23006CAEE7 /* RegExTester */;
			targetProxy = D5751D1A1CD7FE23006CAEE7 /* PBXContainerItemProxy */;
		};
		D5751D261CD7FE24006CAEE7 /* PBXTargetDependency */ = {
			isa = PBXTargetDependency;
			target = D5751D041CD7FE23006CAEE7 /* RegExTester */;
			targetProxy = D5751D251CD7FE24006CAEE7 /* PBXContainerItemProxy */;
		};
/* End PBXTargetDependency section */

/* Begin PBXVariantGroup section */
		D5751D0C1CD7FE23006CAEE7 /* Main.storyboard */ = {
			isa = PBXVariantGroup;
			children = (
				D5751D0D1CD7FE23006CAEE7 /* Base */,
			);
			name = Main.storyboard;
			sourceTree = "<group>";
		};
		D5751D111CD7FE23006CAEE7 /* LaunchScreen.storyboard */ = {
			isa = PBXVariantGroup;
			children = (
				D5751D121CD7FE23006CAEE7 /* Base */,
			);
			name = LaunchScreen.storyboard;
			sourceTree = "<group>";
		};
/* End PBXVariantGroup section */

/* Begin XCBuildConfiguration section */
		D5751D2B1CD7FE24006CAEE7 /* Debug */ = {
			isa = XCBuildConfiguration;
			buildSettings = {
				ALWAYS_SEARCH_USER_PATHS = NO;
				CLANG_ANALYZER_NONNULL = YES;
				CLANG_CXX_LANGUAGE_STANDARD = "gnu++0x";
				CLANG_CXX_LIBRARY = "libc++";
				CLANG_ENABLE_MODULES = YES;
				CLANG_ENABLE_OBJC_ARC = YES;
				CLANG_WARN_BLOCK_CAPTURE_AUTORELEASING = YES;
				CLANG_WARN_BOOL_CONVERSION = YES;
				CLANG_WARN_COMMA = YES;
				CLANG_WARN_CONSTANT_CONVERSION = YES;
				CLANG_WARN_DIRECT_OBJC_ISA_USAGE = YES_ERROR;
				CLANG_WARN_EMPTY_BODY = YES;
				CLANG_WARN_ENUM_CONVERSION = YES;
				CLANG_WARN_INFINITE_RECURSION = YES;
				CLANG_WARN_INT_CONVERSION = YES;
				CLANG_WARN_NON_LITERAL_NULL_CONVERSION = YES;
				CLANG_WARN_OBJC_LITERAL_CONVERSION = YES;
				CLANG_WARN_OBJC_ROOT_CLASS = YES_ERROR;
				CLANG_WARN_RANGE_LOOP_ANALYSIS = YES;
				CLANG_WARN_STRICT_PROTOTYPES = YES;
				CLANG_WARN_SUSPICIOUS_MOVE = YES;
				CLANG_WARN_UNREACHABLE_CODE = YES;
				CLANG_WARN__DUPLICATE_METHOD_MATCH = YES;
				"CODE_SIGN_IDENTITY[sdk=iphoneos*]" = "iPhone Developer";
				COPY_PHASE_STRIP = NO;
				DEBUG_INFORMATION_FORMAT = dwarf;
				ENABLE_STRICT_OBJC_MSGSEND = YES;
				ENABLE_TESTABILITY = YES;
				GCC_C_LANGUAGE_STANDARD = gnu99;
				GCC_DYNAMIC_NO_PIC = NO;
				GCC_NO_COMMON_BLOCKS = YES;
				GCC_OPTIMIZATION_LEVEL = 0;
				GCC_PREPROCESSOR_DEFINITIONS = (
					"DEBUG=1",
					"$(inherited)",
				);
				GCC_WARN_64_TO_32_BIT_CONVERSION = YES;
				GCC_WARN_ABOUT_RETURN_TYPE = YES_ERROR;
				GCC_WARN_UNDECLARED_SELECTOR = YES;
				GCC_WARN_UNINITIALIZED_AUTOS = YES_AGGRESSIVE;
				GCC_WARN_UNUSED_FUNCTION = YES;
				GCC_WARN_UNUSED_VARIABLE = YES;
				IPHONEOS_DEPLOYMENT_TARGET = 9.3;
				MTL_ENABLE_DEBUG_INFO = YES;
				ONLY_ACTIVE_ARCH = YES;
				SDKROOT = iphoneos;
				SWIFT_OPTIMIZATION_LEVEL = "-Onone";
				TARGETED_DEVICE_FAMILY = "1,2";
			};
			name = Debug;
		};
		D5751D2C1CD7FE24006CAEE7 /* Release */ = {
			isa = XCBuildConfiguration;
			buildSettings = {
				ALWAYS_SEARCH_USER_PATHS = NO;
				CLANG_ANALYZER_NONNULL = YES;
				CLANG_CXX_LANGUAGE_STANDARD = "gnu++0x";
				CLANG_CXX_LIBRARY = "libc++";
				CLANG_ENABLE_MODULES = YES;
				CLANG_ENABLE_OBJC_ARC = YES;
				CLANG_WARN_BLOCK_CAPTURE_AUTORELEASING = YES;
				CLANG_WARN_BOOL_CONVERSION = YES;
				CLANG_WARN_COMMA = YES;
				CLANG_WARN_CONSTANT_CONVERSION = YES;
				CLANG_WARN_DIRECT_OBJC_ISA_USAGE = YES_ERROR;
				CLANG_WARN_EMPTY_BODY = YES;
				CLANG_WARN_ENUM_CONVERSION = YES;
				CLANG_WARN_INFINITE_RECURSION = YES;
				CLANG_WARN_INT_CONVERSION = YES;
				CLANG_WARN_NON_LITERAL_NULL_CONVERSION = YES;
				CLANG_WARN_OBJC_LITERAL_CONVERSION = YES;
				CLANG_WARN_OBJC_ROOT_CLASS = YES_ERROR;
				CLANG_WARN_RANGE_LOOP_ANALYSIS = YES;
				CLANG_WARN_STRICT_PROTOTYPES = YES;
				CLANG_WARN_SUSPICIOUS_MOVE = YES;
				CLANG_WARN_UNREACHABLE_CODE = YES;
				CLANG_WARN__DUPLICATE_METHOD_MATCH = YES;
				"CODE_SIGN_IDENTITY[sdk=iphoneos*]" = "iPhone Developer";
				COPY_PHASE_STRIP = NO;
				DEBUG_INFORMATION_FORMAT = "dwarf-with-dsym";
				ENABLE_NS_ASSERTIONS = NO;
				ENABLE_STRICT_OBJC_MSGSEND = YES;
				GCC_C_LANGUAGE_STANDARD = gnu99;
				GCC_NO_COMMON_BLOCKS = YES;
				GCC_WARN_64_TO_32_BIT_CONVERSION = YES;
				GCC_WARN_ABOUT_RETURN_TYPE = YES_ERROR;
				GCC_WARN_UNDECLARED_SELECTOR = YES;
				GCC_WARN_UNINITIALIZED_AUTOS = YES_AGGRESSIVE;
				GCC_WARN_UNUSED_FUNCTION = YES;
				GCC_WARN_UNUSED_VARIABLE = YES;
				IPHONEOS_DEPLOYMENT_TARGET = 9.3;
				MTL_ENABLE_DEBUG_INFO = NO;
				SDKROOT = iphoneos;
				SWIFT_OPTIMIZATION_LEVEL = "-Owholemodule";
				TARGETED_DEVICE_FAMILY = "1,2";
				VALIDATE_PRODUCT = YES;
			};
			name = Release;
		};
		D5751D2E1CD7FE24006CAEE7 /* Debug */ = {
			isa = XCBuildConfiguration;
			buildSettings = {
				ASSETCATALOG_COMPILER_APPICON_NAME = AppIcon;
				CODE_SIGN_IDENTITY = "iPhone Developer";
				DEVELOPMENT_TEAM = T3V4Z3867Q;
				INFOPLIST_FILE = RegExTester/Info.plist;
				LD_RUNPATH_SEARCH_PATHS = "$(inherited) @executable_path/Frameworks";
				PRODUCT_BUNDLE_IDENTIFIER = com.leanne63.RegExTester;
				PRODUCT_NAME = "$(TARGET_NAME)";
				SWIFT_SWIFT3_OBJC_INFERENCE = On;
				SWIFT_VERSION = 4.0;
			};
			name = Debug;
		};
		D5751D2F1CD7FE24006CAEE7 /* Release */ = {
			isa = XCBuildConfiguration;
			buildSettings = {
				ASSETCATALOG_COMPILER_APPICON_NAME = AppIcon;
				CODE_SIGN_IDENTITY = "iPhone Developer";
				DEVELOPMENT_TEAM = T3V4Z3867Q;
				INFOPLIST_FILE = RegExTester/Info.plist;
				LD_RUNPATH_SEARCH_PATHS = "$(inherited) @executable_path/Frameworks";
				PRODUCT_BUNDLE_IDENTIFIER = com.leanne63.RegExTester;
				PRODUCT_NAME = "$(TARGET_NAME)";
				SWIFT_SWIFT3_OBJC_INFERENCE = On;
				SWIFT_VERSION = 4.0;
			};
			name = Release;
		};
		D5751D311CD7FE24006CAEE7 /* Debug */ = {
			isa = XCBuildConfiguration;
			buildSettings = {
				BUNDLE_LOADER = "$(TEST_HOST)";
				INFOPLIST_FILE = RegExTesterTests/Info.plist;
				LD_RUNPATH_SEARCH_PATHS = "$(inherited) @executable_path/Frameworks @loader_path/Frameworks";
				PRODUCT_BUNDLE_IDENTIFIER = com.leanne63.RegExTesterTests;
				PRODUCT_NAME = "$(TARGET_NAME)";
				SWIFT_SWIFT3_OBJC_INFERENCE = On;
				SWIFT_VERSION = 4.0;
				TEST_HOST = "$(BUILT_PRODUCTS_DIR)/RegExTester.app/RegExTester";
			};
			name = Debug;
		};
		D5751D321CD7FE24006CAEE7 /* Release */ = {
			isa = XCBuildConfiguration;
			buildSettings = {
				BUNDLE_LOADER = "$(TEST_HOST)";
				INFOPLIST_FILE = RegExTesterTests/Info.plist;
				LD_RUNPATH_SEARCH_PATHS = "$(inherited) @executable_path/Frameworks @loader_path/Frameworks";
				PRODUCT_BUNDLE_IDENTIFIER = com.leanne63.RegExTesterTests;
				PRODUCT_NAME = "$(TARGET_NAME)";
				SWIFT_SWIFT3_OBJC_INFERENCE = On;
				SWIFT_VERSION = 4.0;
				TEST_HOST = "$(BUILT_PRODUCTS_DIR)/RegExTester.app/RegExTester";
			};
			name = Release;
		};
		D5751D341CD7FE24006CAEE7 /* Debug */ = {
			isa = XCBuildConfiguration;
			buildSettings = {
				INFOPLIST_FILE = RegExTesterUITests/Info.plist;
				LD_RUNPATH_SEARCH_PATHS = "$(inherited) @executable_path/Frameworks @loader_path/Frameworks";
				PRODUCT_BUNDLE_IDENTIFIER = com.leanne63.RegExTesterUITests;
				PRODUCT_NAME = "$(TARGET_NAME)";
				SWIFT_SWIFT3_OBJC_INFERENCE = On;
				SWIFT_VERSION = 4.0;
				TEST_TARGET_NAME = RegExTester;
			};
			name = Debug;
		};
		D5751D351CD7FE24006CAEE7 /* Release */ = {
			isa = XCBuildConfiguration;
			buildSettings = {
				INFOPLIST_FILE = RegExTesterUITests/Info.plist;
				LD_RUNPATH_SEARCH_PATHS = "$(inherited) @executable_path/Frameworks @loader_path/Frameworks";
				PRODUCT_BUNDLE_IDENTIFIER = com.leanne63.RegExTesterUITests;
				PRODUCT_NAME = "$(TARGET_NAME)";
				SWIFT_SWIFT3_OBJC_INFERENCE = On;
				SWIFT_VERSION = 4.0;
				TEST_TARGET_NAME = RegExTester;
			};
			name = Release;
		};
/* End XCBuildConfiguration section */

/* Begin XCConfigurationList section */
		D5751D001CD7FE23006CAEE7 /* Build configuration list for PBXProject "RegExTester" */ = {
			isa = XCConfigurationList;
			buildConfigurations = (
				D5751D2B1CD7FE24006CAEE7 /* Debug */,
				D5751D2C1CD7FE24006CAEE7 /* Release */,
			);
			defaultConfigurationIsVisible = 0;
			defaultConfigurationName = Release;
		};
		D5751D2D1CD7FE24006CAEE7 /* Build configuration list for PBXNativeTarget "RegExTester" */ = {
			isa = XCConfigurationList;
			buildConfigurations = (
				D5751D2E1CD7FE24006CAEE7 /* Debug */,
				D5751D2F1CD7FE24006CAEE7 /* Release */,
			);
			defaultConfigurationIsVisible = 0;
			defaultConfigurationName = Release;
		};
		D5751D301CD7FE24006CAEE7 /* Build configuration list for PBXNativeTarget "RegExTesterTests" */ = {
			isa = XCConfigurationList;
			buildConfigurations = (
				D5751D311CD7FE24006CAEE7 /* Debug */,
				D5751D321CD7FE24006CAEE7 /* Release */,
			);
			defaultConfigurationIsVisible = 0;
			defaultConfigurationName = Release;
		};
		D5751D331CD7FE24006CAEE7 /* Build configuration list for PBXNativeTarget "RegExTesterUITests" */ = {
			isa = XCConfigurationList;
			buildConfigurations = (
				D5751D341CD7FE24006CAEE7 /* Debug */,
				D5751D351CD7FE24006CAEE7 /* Release */,
			);
			defaultConfigurationIsVisible = 0;
			defaultConfigurationName = Release;
		};
/* End XCConfigurationList section */
	};
	rootObject = D5751CFD1CD7FE23006CAEE7 /* Project object */;
}
